{
  "name": "test-dapp",
  "version": "1.0.0",
  "lockfileVersion": 3,
  "requires": true,
  "packages": {
    "": {
      "name": "test-dapp",
      "version": "1.0.0",
      "license": "ISC",
      "dependencies": {
        "@0xio/sdk": "^2.7.0"
      }
    },
    "node_modules/@0xio/sdk": {
      "version": "2.7.0",
      "resolved": "https://registry.npmjs.org/@0xio/sdk/-/sdk-2.7.0.tgz",
      "integrity": "sha512-88S2+DzqcivRMWTXlNjUJdfA3L6BEjitaMnJu2Zh+b/TFfl8MeoYl1r+gOqRg0dbNbRJo+xYdPrNOLXMxwQl+w==",
      "license": "MIT",
      "engines": {
        "node": ">=16.0.0"
      }
    }
  }
}
